
Microsoft Visual Studio Solution File, Format Version 12.00
# Visual Studio Version 17
VisualStudioVersion = 17.4.33122.133
MinimumVisualStudioVersion = 10.0.40219.1
Project("{8BC9CEB8-8B4A-11D0-8D11-00A0C91BC942}") = "MarketAnal", "MarketAnal.vcxproj", "{8F4F4A1C-B122-49B6-AA23-3A85C0B4324D}"
EndProject
Global
	GlobalSection(SolutionConfigurationPlatforms) = preSolution
		Debug|x64 = Debug|x64
		Release|x64 = Release|x64
	EndGlobalSection
	GlobalSection(ProjectConfigurationPlatforms) = postSolution
		{8F4F4A1C-B122-49B6-AA23-3A85C0B4324D}.Debug|x64.ActiveCfg = Debug|x64
		{8F4F4A1C-B122-49B6-AA23-3A85C0B4324D}.Debug|x64.Build.0 = Debug|x64
		{8F4F4A1C-B122-49B6-AA23-3A85C0B4324D}.Release|x64.ActiveCfg = Release|x64
		{8F4F4A1C-B122-49B6-AA23-3A85C0B4324D}.Release|x64.Build.0 = Release|x64
	EndGlobalSection
	GlobalSection(SolutionProperties) = preSolution
		HideSolutionNode = FALSE
	EndGlobalSection
	GlobalSection(ExtensibilityGlobals) = postSolution
		SolutionGuid = {0BFC553E-25C3-4585-9F55-521D4F24A19F}
	EndGlobalSection
EndGlobal
