
Microsoft Visual Studio Solution File, Format Version 12.00
# Visual Studio Version 17
VisualStudioVersion = 17.4.33122.133
MinimumVisualStudioVersion = 10.0.40219.1
Project("{8BC9CEB8-8B4A-11D0-8D11-00A0C91BC942}") = "MarketAnal", "MarketAnal.vcxproj", "{8F4F4A1C-B122-49B6-AA23-3A85C0B4324D}"
EndProject
Project("{8BC9CEB8-8B4A-11D0-8D11-00A0C91BC942}") = "InvestingCPR", "InvestingCPR\InvestingCPR.vcxproj", "{CEC424FD-6A4B-4FBE-ACFF-067C0A048C0A}"
EndProject
Global
	GlobalSection(SolutionConfigurationPlatforms) = preSolution
		Debug|x64 = Debug|x64
		Debug|x86 = Debug|x86
		Release|x64 = Release|x64
		Release|x86 = Release|x86
	EndGlobalSection
	GlobalSection(ProjectConfigurationPlatforms) = postSolution
		{8F4F4A1C-B122-49B6-AA23-3A85C0B4324D}.Debug|x64.ActiveCfg = Debug|x64
		{8F4F4A1C-B122-49B6-AA23-3A85C0B4324D}.Debug|x64.Build.0 = Debug|x64
		{8F4F4A1C-B122-49B6-AA23-3A85C0B4324D}.Debug|x86.ActiveCfg = Debug|x64
		{8F4F4A1C-B122-49B6-AA23-3A85C0B4324D}.Debug|x86.Build.0 = Debug|x64
		{8F4F4A1C-B122-49B6-AA23-3A85C0B4324D}.Release|x64.ActiveCfg = Release|x64
		{8F4F4A1C-B122-49B6-AA23-3A85C0B4324D}.Release|x64.Build.0 = Release|x64
		{8F4F4A1C-B122-49B6-AA23-3A85C0B4324D}.Release|x86.ActiveCfg = Release|x64
		{8F4F4A1C-B122-49B6-AA23-3A85C0B4324D}.Release|x86.Build.0 = Release|x64
		{CEC424FD-6A4B-4FBE-ACFF-067C0A048C0A}.Debug|x64.ActiveCfg = Debug|x64
		{CEC424FD-6A4B-4FBE-ACFF-067C0A048C0A}.Debug|x64.Build.0 = Debug|x64
		{CEC424FD-6A4B-4FBE-ACFF-067C0A048C0A}.Debug|x86.ActiveCfg = Debug|Win32
		{CEC424FD-6A4B-4FBE-ACFF-067C0A048C0A}.Debug|x86.Build.0 = Debug|Win32
		{CEC424FD-6A4B-4FBE-ACFF-067C0A048C0A}.Release|x64.ActiveCfg = Release|x64
		{CEC424FD-6A4B-4FBE-ACFF-067C0A048C0A}.Release|x64.Build.0 = Release|x64
		{CEC424FD-6A4B-4FBE-ACFF-067C0A048C0A}.Release|x86.ActiveCfg = Release|Win32
		{CEC424FD-6A4B-4FBE-ACFF-067C0A048C0A}.Release|x86.Build.0 = Release|Win32
	EndGlobalSection
	GlobalSection(SolutionProperties) = preSolution
		HideSolutionNode = FALSE
	EndGlobalSection
	GlobalSection(ExtensibilityGlobals) = postSolution
		SolutionGuid = {0BFC553E-25C3-4585-9F55-521D4F24A19F}
	EndGlobalSection
EndGlobal
